
Microsoft Visual Studio Solution File, Format Version 12.00
# Visual Studio Version 17
VisualStudioVersion = 17.8.34330.188
MinimumVisualStudioVersion = 10.0.40219.1
Project("{FAE04EC0-301F-11D3-BF4B-00C04F79EFBC}") = "BlazorLocalization", "BlazorLocalization\BlazorLocalization.csproj", "{59EBAD34-B056-4424-830F-23DC694ADE0A}"
EndProject
Global
	GlobalSection(SolutionConfigurationPlatforms) = preSolution
		Debug|Any CPU = Debug|Any CPU
		Release|Any CPU = Release|Any CPU
	EndGlobalSection
	GlobalSection(ProjectConfigurationPlatforms) = postSolution
		{59EBAD34-B056-4424-830F-23DC694ADE0A}.Debug|Any CPU.ActiveCfg = Debug|Any CPU
		{59EBAD34-B056-4424-830F-23DC694ADE0A}.Debug|Any CPU.Build.0 = Debug|Any CPU
		{59EBAD34-B056-4424-830F-23DC694ADE0A}.Release|Any CPU.ActiveCfg = Release|Any CPU
		{59EBAD34-B056-4424-830F-23DC694ADE0A}.Release|Any CPU.Build.0 = Release|Any CPU
	EndGlobalSection
	GlobalSection(SolutionProperties) = preSolution
		HideSolutionNode = FALSE
	EndGlobalSection
	GlobalSection(ExtensibilityGlobals) = postSolution
		SolutionGuid = {0107DFF0-64E4-4E6D-A396-B242FB130820}
	EndGlobalSection
EndGlobal
